
Microsoft Visual Studio Solution File, Format Version 12.00
# Visual Studio 15
VisualStudioVersion = 15.0.28307.1022
MinimumVisualStudioVersion = 10.0.40219.1
Project("{FAE04EC0-301F-11D3-BF4B-00C04F79EFBC}") = "NotepadSharp", "NotepadSharp\NotepadSharp.csproj", "{EB221480-4954-4FA0-9D06-1B8327B170CC}"
EndProject
Global
	GlobalSection(SolutionConfigurationPlatforms) = preSolution
		Debug|Any CPU = Debug|Any CPU
		Release|Any CPU = Release|Any CPU
	EndGlobalSection
	GlobalSection(ProjectConfigurationPlatforms) = postSolution
		{EB221480-4954-4FA0-9D06-1B8327B170CC}.Debug|Any CPU.ActiveCfg = Debug|Any CPU
		{EB221480-4954-4FA0-9D06-1B8327B170CC}.Debug|Any CPU.Build.0 = Debug|Any CPU
		{EB221480-4954-4FA0-9D06-1B8327B170CC}.Release|Any CPU.ActiveCfg = Release|Any CPU
		{EB221480-4954-4FA0-9D06-1B8327B170CC}.Release|Any CPU.Build.0 = Release|Any CPU
	EndGlobalSection
	GlobalSection(SolutionProperties) = preSolution
		HideSolutionNode = FALSE
	EndGlobalSection
	GlobalSection(ExtensibilityGlobals) = postSolution
		SolutionGuid = {8C3622F5-7ED2-4C3B-B2AC-9E558866870F}
	EndGlobalSection
EndGlobal
